{
  "name": "test-project",
  "version": "1.0.0",
  "lockfileVersion": 1,
  "requires": true,
  "dependencies": {
    "pragma-views2": {
      "version": "1.0.149",
      "resolved": "https://registry.npmjs.org/pragma-views2/-/pragma-views2-1.0.149.tgz",
      "integrity": "sha512-MUqdHvxMtbt62AZJqzP6OTraJkCZAaoa/NaTM4lXK4iYXpX7l1iDK108bBARKgQCWDyF6toQTkL1p3SxqSHpkA=="
    }
  }
}
